
Microsoft Visual Studio Solution File, Format Version 12.00
# Visual Studio 15
VisualStudioVersion = 15.0.28307.329
MinimumVisualStudioVersion = 10.0.40219.1
Project("{FAE04EC0-301F-11D3-BF4B-00C04F79EFBC}") = "task3", "task3\task3.csproj", "{2087BDA9-0B69-4E18-96FE-3F36D11E4EE0}"
EndProject
Global
	GlobalSection(SolutionConfigurationPlatforms) = preSolution
		Debug|Any CPU = Debug|Any CPU
		Release|Any CPU = Release|Any CPU
	EndGlobalSection
	GlobalSection(ProjectConfigurationPlatforms) = postSolution
		{2087BDA9-0B69-4E18-96FE-3F36D11E4EE0}.Debug|Any CPU.ActiveCfg = Debug|Any CPU
		{2087BDA9-0B69-4E18-96FE-3F36D11E4EE0}.Debug|Any CPU.Build.0 = Debug|Any CPU
		{2087BDA9-0B69-4E18-96FE-3F36D11E4EE0}.Release|Any CPU.ActiveCfg = Release|Any CPU
		{2087BDA9-0B69-4E18-96FE-3F36D11E4EE0}.Release|Any CPU.Build.0 = Release|Any CPU
	EndGlobalSection
	GlobalSection(SolutionProperties) = preSolution
		HideSolutionNode = FALSE
	EndGlobalSection
	GlobalSection(ExtensibilityGlobals) = postSolution
		SolutionGuid = {157BB2C2-1BF5-48D2-9043-76CA2AF046DD}
	EndGlobalSection
EndGlobal
