
Microsoft Visual Studio Solution File, Format Version 12.00
# Visual Studio 15
VisualStudioVersion = 15.0.28307.329
MinimumVisualStudioVersion = 10.0.40219.1
Project("{FAE04EC0-301F-11D3-BF4B-00C04F79EFBC}") = "task4", "task4\task4.csproj", "{B8F2836E-A7A3-43ED-B384-46C2A7E0B5BA}"
EndProject
Global
	GlobalSection(SolutionConfigurationPlatforms) = preSolution
		Debug|Any CPU = Debug|Any CPU
		Release|Any CPU = Release|Any CPU
	EndGlobalSection
	GlobalSection(ProjectConfigurationPlatforms) = postSolution
		{B8F2836E-A7A3-43ED-B384-46C2A7E0B5BA}.Debug|Any CPU.ActiveCfg = Debug|Any CPU
		{B8F2836E-A7A3-43ED-B384-46C2A7E0B5BA}.Debug|Any CPU.Build.0 = Debug|Any CPU
		{B8F2836E-A7A3-43ED-B384-46C2A7E0B5BA}.Release|Any CPU.ActiveCfg = Release|Any CPU
		{B8F2836E-A7A3-43ED-B384-46C2A7E0B5BA}.Release|Any CPU.Build.0 = Release|Any CPU
	EndGlobalSection
	GlobalSection(SolutionProperties) = preSolution
		HideSolutionNode = FALSE
	EndGlobalSection
	GlobalSection(ExtensibilityGlobals) = postSolution
		SolutionGuid = {D65A3998-0C9E-413F-8783-C1EDB11EF43C}
	EndGlobalSection
EndGlobal
